// !$*UTF8*$!
{
	archiveVersion = 1;
	classes = {
	};
	objectVersion = 46;
	objects = {

/* Begin PBXBuildFile section */
		820D87FD1F19C20400E7F199 /* AppDelegate.swift in Sources */ = {isa = PBXBuildFile; fileRef = 820D87FC1F19C20400E7F199 /* AppDelegate.swift */; };
		820D87FF1F19C20400E7F199 /* ViewController.swift in Sources */ = {isa = PBXBuildFile; fileRef = 820D87FE1F19C20400E7F199 /* ViewController.swift */; };
		820D88021F19C20400E7F199 /* Main.storyboard in Resources */ = {isa = PBXBuildFile; fileRef = 820D88001F19C20400E7F199 /* Main.storyboard */; };
		820D88041F19C20400E7F199 /* Assets.xcassets in Resources */ = {isa = PBXBuildFile; fileRef = 820D88031F19C20400E7F199 /* Assets.xcassets */; };
		820D88071F19C20400E7F199 /* LaunchScreen.storyboard in Resources */ = {isa = PBXBuildFile; fileRef = 820D88051F19C20400E7F199 /* LaunchScreen.storyboard */; };
/* End PBXBuildFile section */

/* Begin PBXFileReference section */
		820D87F91F19C20400E7F199 /* Segmented-Control-15-07-2017.app */ = {isa = PBXFileReference; explicitFileType = wrapper.application; includeInIndex = 0; path = "Segmented-Control-15-07-2017.app"; sourceTree = BUILT_PRODUCTS_DIR; };
		820D87FC1F19C20400E7F199 /* AppDelegate.swift */ = {isa = PBXFileReference; lastKnownFileType = sourcecode.swift; path = AppDelegate.swift; sourceTree = "<group>"; };
		820D87FE1F19C20400E7F199 /* ViewController.swift */ = {isa = PBXFileReference; lastKnownFileType = sourcecode.swift; path = ViewController.swift; sourceTree = "<group>"; };
		820D88011F19C20400E7F199 /* Base */ = {isa = PBXFileReference; lastKnownFileType = file.storyboard; name = Base; path = Base.lproj/Main.storyboard; sourceTree = "<group>"; };
		820D88031F19C20400E7F199 /* Assets.xcassets */ = {isa = PBXFileReference; lastKnownFileType = folder.assetcatalog; path = Assets.xcassets; sourceTree = "<group>"; };
		820D88061F19C20400E7F199 /* Base */ = {isa = PBXFileReference; lastKnownFileType = file.storyboard; name = Base; path = Base.lproj/LaunchScreen.storyboard; sourceTree = "<group>"; };
		820D88081F19C20400E7F199 /* Info.plist */ = {isa = PBXFileReference; lastKnownFileType = text.plist.xml; path = Info.plist; sourceTree = "<group>"; };
/* End PBXFileReference section */

/* Begin PBXFrameworksBuildPhase section */
		820D87F61F19C20400E7F199 /* Frameworks */ = {
			isa = PBXFrameworksBuildPhase;
			buildActionMask = 2147483647;
			files = (
			);
			runOnlyForDeploymentPostprocessing = 0;
		};
/* End PBXFrameworksBuildPhase section */

/* Begin PBXGroup section */
		820D87F01F19C20400E7F199 = {
			isa = PBXGroup;
			children = (
				820D87FB1F19C20400E7F199 /* Segmented-Control-15-07-2017 */,
				820D87FA1F19C20400E7F199 /* Products */,
			);
			sourceTree = "<group>";
		};
		820D87FA1F19C20400E7F199 /* Products */ = {
			isa = PBXGroup;
			children = (
				820D87F91F19C20400E7F199 /* Segmented-Control-15-07-2017.app */,
			);
			name = Products;
			sourceTree = "<group>";
		};
		820D87FB1F19C20400E7F199 /* Segmented-Control-15-07-2017 */ = {
			isa = PBXGroup;
			children = (
				820D87FC1F19C20400E7F199 /* AppDelegate.swift */,
				820D87FE1F19C20400E7F199 /* ViewController.swift */,
				820D88001F19C20400E7F199 /* Main.storyboard */,
				820D88031F19C20400E7F199 /* Assets.xcassets */,
				820D88051F19C20400E7F199 /* LaunchScreen.storyboard */,
				820D88081F19C20400E7F199 /* Info.plist */,
			);
			path = "Segmented-Control-15-07-2017";
			sourceTree = "<group>";
		};
/* End PBXGroup section */

/* Begin PBXNativeTarget section */
		820D87F81F19C20400E7F199 /* Segmented-Control-15-07-2017 */ = {
			isa = PBXNativeTarget;
			buildConfigurationList = 820D880B1F19C20400E7F199 /* Build configuration list for PBXNativeTarget "Segmented-Control-15-07-2017" */;
			buildPhases = (
				820D87F51F19C20400E7F199 /* Sources */,
				820D87F61F19C20400E7F199 /* Frameworks */,
				820D87F71F19C20400E7F199 /* Resources */,
			);
			buildRules = (
			);
			dependencies = (
			);
			name = "Segmented-Control-15-07-2017";
			productName = "Segmented-Control-15-07-2017";
			productReference = 820D87F91F19C20400E7F199 /* Segmented-Control-15-07-2017.app */;
			productType = "com.apple.product-type.application";
		};
/* End PBXNativeTarget section */

/* Begin PBXProject section */
		820D87F11F19C20400E7F199 /* Project object */ = {
			isa = PBXProject;
			attributes = {
				LastSwiftUpdateCheck = 0820;
				LastUpgradeCheck = 0820;
				ORGANIZATIONNAME = "Soeng Saravit";
				TargetAttributes = {
					820D87F81F19C20400E7F199 = {
						CreatedOnToolsVersion = 8.2.1;
						DevelopmentTeam = TKR2QX32K8;
						ProvisioningStyle = Automatic;
					};
				};
			};
			buildConfigurationList = 820D87F41F19C20400E7F199 /* Build configuration list for PBXProject "Segmented-Control-15-07-2017" */;
			compatibilityVersion = "Xcode 3.2";
			developmentRegion = English;
			hasScannedForEncodings = 0;
			knownRegions = (
				en,
				Base,
			);
			mainGroup = 820D87F01F19C20400E7F199;
			productRefGroup = 820D87FA1F19C20400E7F199 /* Products */;
			projectDirPath = "";
			projectRoot = "";
			targets = (
				820D87F81F19C20400E7F199 /* Segmented-Control-15-07-2017 */,
			);
		};
/* End PBXProject section */

/* Begin PBXResourcesBuildPhase section */
		820D87F71F19C20400E7F199 /* Resources */ = {
			isa = PBXResourcesBuildPhase;
			buildActionMask = 2147483647;
			files = (
				820D88071F19C20400E7F199 /* LaunchScreen.storyboard in Resources */,
				820D88041F19C20400E7F199 /* Assets.xcassets in Resources */,
				820D88021F19C20400E7F199 /* Main.storyboard in Resources */,
			);
			runOnlyForDeploymentPostprocessing = 0;
		};
/* End PBXResourcesBuildPhase section */

/* Begin PBXSourcesBuildPhase section */
		820D87F51F19C20400E7F199 /* Sources */ = {
			isa = PBXSourcesBuildPhase;
			buildActionMask = 2147483647;
			files = (
				820D87FF1F19C20400E7F199 /* ViewController.swift in Sources */,
				820D87FD1F19C20400E7F199 /* AppDelegate.swift in Sources */,
			);
			runOnlyForDeploymentPostprocessing = 0;
		};
/* End PBXSourcesBuildPhase section */

/* Begin PBXVariantGroup section */
		820D88001F19C20400E7F199 /* Main.storyboard */ = {
			isa = PBXVariantGroup;
			children = (
				820D88011F19C20400E7F199 /* Base */,
			);
			name = Main.storyboard;
			sourceTree = "<group>";
		};
		820D88051F19C20400E7F199 /* LaunchScreen.storyboard */ = {
			isa = PBXVariantGroup;
			children = (
				820D88061F19C20400E7F199 /* Base */,
			);
			name = LaunchScreen.storyboard;
			sourceTree = "<group>";
		};
/* End PBXVariantGroup section */

/* Begin XCBuildConfiguration section */
		820D88091F19C20400E7F199 /* Debug */ = {
			isa = XCBuildConfiguration;
			buildSettings = {
				ALWAYS_SEARCH_USER_PATHS = NO;
				CLANG_ANALYZER_NONNULL = YES;
				CLANG_CXX_LANGUAGE_STANDARD = "gnu++0x";
				CLANG_CXX_LIBRARY = "libc++";
				CLANG_ENABLE_MODULES = YES;
				CLANG_ENABLE_OBJC_ARC = YES;
				CLANG_WARN_BOOL_CONVERSION = YES;
				CLANG_WARN_CONSTANT_CONVERSION = YES;
				CLANG_WARN_DIRECT_OBJC_ISA_USAGE = YES_ERROR;
				CLANG_WARN_DOCUMENTATION_COMMENTS = YES;
				CLANG_WARN_EMPTY_BODY = YES;
				CLANG_WARN_ENUM_CONVERSION = YES;
				CLANG_WARN_INFINITE_RECURSION = YES;
				CLANG_WARN_INT_CONVERSION = YES;
				CLANG_WARN_OBJC_ROOT_CLASS = YES_ERROR;
				CLANG_WARN_SUSPICIOUS_MOVE = YES;
				CLANG_WARN_UNREACHABLE_CODE = YES;
				CLANG_WARN__DUPLICATE_METHOD_MATCH = YES;
				"CODE_SIGN_IDENTITY[sdk=iphoneos*]" = "iPhone Developer";
				COPY_PHASE_STRIP = NO;
				DEBUG_INFORMATION_FORMAT = dwarf;
				ENABLE_STRICT_OBJC_MSGSEND = YES;
				ENABLE_TESTABILITY = YES;
				GCC_C_LANGUAGE_STANDARD = gnu99;
				GCC_DYNAMIC_NO_PIC = NO;
				GCC_NO_COMMON_BLOCKS = YES;
				GCC_OPTIMIZATION_LEVEL = 0;
				GCC_PREPROCESSOR_DEFINITIONS = (
					"DEBUG=1",
					"$(inherited)",
				);
				GCC_WARN_64_TO_32_BIT_CONVERSION = YES;
				GCC_WARN_ABOUT_RETURN_TYPE = YES_ERROR;
				GCC_WARN_UNDECLARED_SELECTOR = YES;
				GCC_WARN_UNINITIALIZED_AUTOS = YES_AGGRESSIVE;
				GCC_WARN_UNUSED_FUNCTION = YES;
				GCC_WARN_UNUSED_VARIABLE = YES;
				IPHONEOS_DEPLOYMENT_TARGET = 10.2;
				MTL_ENABLE_DEBUG_INFO = YES;
				ONLY_ACTIVE_ARCH = YES;
				SDKROOT = iphoneos;
				SWIFT_ACTIVE_COMPILATION_CONDITIONS = DEBUG;
				SWIFT_OPTIMIZATION_LEVEL = "-Onone";
			};
			name = Debug;
		};
		820D880A1F19C20400E7F199 /* Release */ = {
			isa = XCBuildConfiguration;
			buildSettings = {
				ALWAYS_SEARCH_USER_PATHS = NO;
				CLANG_ANALYZER_NONNULL = YES;
				CLANG_CXX_LANGUAGE_STANDARD = "gnu++0x";
				CLANG_CXX_LIBRARY = "libc++";
				CLANG_ENABLE_MODULES = YES;
				CLANG_ENABLE_OBJC_ARC = YES;
				CLANG_WARN_BOOL_CONVERSION = YES;
				CLANG_WARN_CONSTANT_CONVERSION = YES;
				CLANG_WARN_DIRECT_OBJC_ISA_USAGE = YES_ERROR;
				CLANG_WARN_DOCUMENTATION_COMMENTS = YES;
				CLANG_WARN_EMPTY_BODY = YES;
				CLANG_WARN_ENUM_CONVERSION = YES;
				CLANG_WARN_INFINITE_RECURSION = YES;
				CLANG_WARN_INT_CONVERSION = YES;
				CLANG_WARN_OBJC_ROOT_CLASS = YES_ERROR;
				CLANG_WARN_SUSPICIOUS_MOVE = YES;
				CLANG_WARN_UNREACHABLE_CODE = YES;
				CLANG_WARN__DUPLICATE_METHOD_MATCH = YES;
				"CODE_SIGN_IDENTITY[sdk=iphoneos*]" = "iPhone Developer";
				COPY_PHASE_STRIP = NO;
				DEBUG_INFORMATION_FORMAT = "dwarf-with-dsym";
				ENABLE_NS_ASSERTIONS = NO;
				ENABLE_STRICT_OBJC_MSGSEND = YES;
				GCC_C_LANGUAGE_STANDARD = gnu99;
				GCC_NO_COMMON_BLOCKS = YES;
				GCC_WARN_64_TO_32_BIT_CONVERSION = YES;
				GCC_WARN_ABOUT_RETURN_TYPE = YES_ERROR;
				GCC_WARN_UNDECLARED_SELECTOR = YES;
				GCC_WARN_UNINITIALIZED_AUTOS = YES_AGGRESSIVE;
				GCC_WARN_UNUSED_FUNCTION = YES;
				GCC_WARN_UNUSED_VARIABLE = YES;
				IPHONEOS_DEPLOYMENT_TARGET = 10.2;
				MTL_ENABLE_DEBUG_INFO = NO;
				SDKROOT = iphoneos;
				SWIFT_OPTIMIZATION_LEVEL = "-Owholemodule";
				VALIDATE_PRODUCT = YES;
			};
			name = Release;
		};
		820D880C1F19C20400E7F199 /* Debug */ = {
			isa = XCBuildConfiguration;
			buildSettings = {
				ASSETCATALOG_COMPILER_APPICON_NAME = AppIcon;
				DEVELOPMENT_TEAM = TKR2QX32K8;
				INFOPLIST_FILE = "Segmented-Control-15-07-2017/Info.plist";
				LD_RUNPATH_SEARCH_PATHS = "$(inherited) @executable_path/Frameworks";
				PRODUCT_BUNDLE_IDENTIFIER = "com.hrd.Segmented-Control-15-07-2017";
				PRODUCT_NAME = "$(TARGET_NAME)";
				SWIFT_VERSION = 3.0;
			};
			name = Debug;
		};
		820D880D1F19C20400E7F199 /* Release */ = {
			isa = XCBuildConfiguration;
			buildSettings = {
				ASSETCATALOG_COMPILER_APPICON_NAME = AppIcon;
				DEVELOPMENT_TEAM = TKR2QX32K8;
				INFOPLIST_FILE = "Segmented-Control-15-07-2017/Info.plist";
				LD_RUNPATH_SEARCH_PATHS = "$(inherited) @executable_path/Frameworks";
				PRODUCT_BUNDLE_IDENTIFIER = "com.hrd.Segmented-Control-15-07-2017";
				PRODUCT_NAME = "$(TARGET_NAME)";
				SWIFT_VERSION = 3.0;
			};
			name = Release;
		};
/* End XCBuildConfiguration section */

/* Begin XCConfigurationList section */
		820D87F41F19C20400E7F199 /* Build configuration list for PBXProject "Segmented-Control-15-07-2017" */ = {
			isa = XCConfigurationList;
			buildConfigurations = (
				820D88091F19C20400E7F199 /* Debug */,
				820D880A1F19C20400E7F199 /* Release */,
			);
			defaultConfigurationIsVisible = 0;
			defaultConfigurationName = Release;
		};
		820D880B1F19C20400E7F199 /* Build configuration list for PBXNativeTarget "Segmented-Control-15-07-2017" */ = {
			isa = XCConfigurationList;
			buildConfigurations = (
				820D880C1F19C20400E7F199 /* Debug */,
				820D880D1F19C20400E7F199 /* Release */,
			);
			defaultConfigurationIsVisible = 0;
		};
/* End XCConfigurationList section */
	};
	rootObject = 820D87F11F19C20400E7F199 /* Project object */;
}
